
Microsoft Visual Studio Solution File, Format Version 12.00
# Visual Studio Version 17
VisualStudioVersion = 17.7.34221.43
MinimumVisualStudioVersion = 10.0.40219.1
Project("{FAE04EC0-301F-11D3-BF4B-00C04F79EFBC}") = "Akb-Bootcamp-Week1", "Akb-Bootcamp-Week1\Akb-Bootcamp-Week1.csproj", "{77E9AB72-2165-4BDF-93D7-7288B10667CD}"
EndProject
Global
	GlobalSection(SolutionConfigurationPlatforms) = preSolution
		Debug|Any CPU = Debug|Any CPU
		Release|Any CPU = Release|Any CPU
	EndGlobalSection
	GlobalSection(ProjectConfigurationPlatforms) = postSolution
		{77E9AB72-2165-4BDF-93D7-7288B10667CD}.Debug|Any CPU.ActiveCfg = Debug|Any CPU
		{77E9AB72-2165-4BDF-93D7-7288B10667CD}.Debug|Any CPU.Build.0 = Debug|Any CPU
		{77E9AB72-2165-4BDF-93D7-7288B10667CD}.Release|Any CPU.ActiveCfg = Release|Any CPU
		{77E9AB72-2165-4BDF-93D7-7288B10667CD}.Release|Any CPU.Build.0 = Release|Any CPU
	EndGlobalSection
	GlobalSection(SolutionProperties) = preSolution
		HideSolutionNode = FALSE
	EndGlobalSection
	GlobalSection(ExtensibilityGlobals) = postSolution
		SolutionGuid = {AF42D4F3-F169-47E6-A093-0AFCD0B3FC8C}
	EndGlobalSection
EndGlobal
